
Microsoft Visual Studio Solution File, Format Version 12.00
# Visual Studio Version 16
VisualStudioVersion = 16.0.33927.289
MinimumVisualStudioVersion = 10.0.40219.1
Project("{2150E333-8FDC-42A3-9474-1A3956D46DE8}") = "Tyuiu.VorobevSA.CoursControl_0.V1", "Tyuiu.VorobevSA.CoursControl_0.V1", "{643A1ED1-7D9F-428A-94C3-95DD8263EF6D}"
EndProject
Project("{8BC9CEB8-8B4A-11D0-8D11-00A0C91BC942}") = "Tyuiu.VorobevSA.CoursControl_0.V1", "Tyuiu.VorobevSA.CoursControl_0.V1\Tyuiu.VorobevSA.CoursControl_0.V1.vcxproj", "{83D4AFC9-876B-4F6C-9794-690FED01335C}"
EndProject
Project("{8BC9CEB8-8B4A-11D0-8D11-00A0C91BC942}") = "Tyuiu.VorobevSA.CoursControl_0.V1.Lib", "Tyuiu.VorobevSA.CoursControl_0.V1.Lib\Tyuiu.VorobevSA.CoursControl_0.V1.Lib.vcxproj", "{90B9B7A2-9FC9-493F-892E-6F2E3B72CC2C}"
EndProject
Project("{8BC9CEB8-8B4A-11D0-8D11-00A0C91BC942}") = "Tyuiu.VorobevSA.CoursControl_0.V1.Test1", "Tyuiu.VorobevSA.CoursControl_0.V1.Test1\Tyuiu.VorobevSA.CoursControl_0.V1.Test1.vcxproj", "{EA59F191-D7E1-4FB6-85B5-58DE3A9C0DDE}"
EndProject
Project("{8BC9CEB8-8B4A-11D0-8D11-00A0C91BC942}") = "Tyuiu.VorobevSA.CoursControl_0.V1.Test2", "Tyuiu.VorobevSA.CoursControl_0.V1.Test2\Tyuiu.VorobevSA.CoursControl_0.V1.Test2.vcxproj", "{75A44A28-76BA-4059-93C1-9C4F660ABAFF}"
EndProject
Project("{8BC9CEB8-8B4A-11D0-8D11-00A0C91BC942}") = "Tyuiu.CoursControl_0", "..\Tyuiu.CoursControl_0\Tyuiu.CoursControl_0.vcxproj", "{31D45E32-7CB0-40F0-8778-0DD1CCB6BBB1}"
EndProject
Global
	GlobalSection(SolutionConfigurationPlatforms) = preSolution
		Debug|x64 = Debug|x64
		Debug|x86 = Debug|x86
		Release|x64 = Release|x64
		Release|x86 = Release|x86
	EndGlobalSection
	GlobalSection(ProjectConfigurationPlatforms) = postSolution
		{83D4AFC9-876B-4F6C-9794-690FED01335C}.Debug|x64.ActiveCfg = Debug|x64
		{83D4AFC9-876B-4F6C-9794-690FED01335C}.Debug|x64.Build.0 = Debug|x64
		{83D4AFC9-876B-4F6C-9794-690FED01335C}.Debug|x86.ActiveCfg = Debug|Win32
		{83D4AFC9-876B-4F6C-9794-690FED01335C}.Debug|x86.Build.0 = Debug|Win32
		{83D4AFC9-876B-4F6C-9794-690FED01335C}.Release|x64.ActiveCfg = Release|x64
		{83D4AFC9-876B-4F6C-9794-690FED01335C}.Release|x64.Build.0 = Release|x64
		{83D4AFC9-876B-4F6C-9794-690FED01335C}.Release|x86.ActiveCfg = Release|Win32
		{83D4AFC9-876B-4F6C-9794-690FED01335C}.Release|x86.Build.0 = Release|Win32
		{90B9B7A2-9FC9-493F-892E-6F2E3B72CC2C}.Debug|x64.ActiveCfg = Debug|x64
		{90B9B7A2-9FC9-493F-892E-6F2E3B72CC2C}.Debug|x64.Build.0 = Debug|x64
		{90B9B7A2-9FC9-493F-892E-6F2E3B72CC2C}.Debug|x86.ActiveCfg = Debug|Win32
		{90B9B7A2-9FC9-493F-892E-6F2E3B72CC2C}.Debug|x86.Build.0 = Debug|Win32
		{90B9B7A2-9FC9-493F-892E-6F2E3B72CC2C}.Release|x64.ActiveCfg = Release|x64
		{90B9B7A2-9FC9-493F-892E-6F2E3B72CC2C}.Release|x64.Build.0 = Release|x64
		{90B9B7A2-9FC9-493F-892E-6F2E3B72CC2C}.Release|x86.ActiveCfg = Release|Win32
		{90B9B7A2-9FC9-493F-892E-6F2E3B72CC2C}.Release|x86.Build.0 = Release|Win32
		{EA59F191-D7E1-4FB6-85B5-58DE3A9C0DDE}.Debug|x64.ActiveCfg = Debug|x64
		{EA59F191-D7E1-4FB6-85B5-58DE3A9C0DDE}.Debug|x64.Build.0 = Debug|x64
		{EA59F191-D7E1-4FB6-85B5-58DE3A9C0DDE}.Debug|x86.ActiveCfg = Debug|Win32
		{EA59F191-D7E1-4FB6-85B5-58DE3A9C0DDE}.Debug|x86.Build.0 = Debug|Win32
		{EA59F191-D7E1-4FB6-85B5-58DE3A9C0DDE}.Release|x64.ActiveCfg = Release|x64
		{EA59F191-D7E1-4FB6-85B5-58DE3A9C0DDE}.Release|x64.Build.0 = Release|x64
		{EA59F191-D7E1-4FB6-85B5-58DE3A9C0DDE}.Release|x86.ActiveCfg = Release|Win32
		{EA59F191-D7E1-4FB6-85B5-58DE3A9C0DDE}.Release|x86.Build.0 = Release|Win32
		{75A44A28-76BA-4059-93C1-9C4F660ABAFF}.Debug|x64.ActiveCfg = Debug|x64
		{75A44A28-76BA-4059-93C1-9C4F660ABAFF}.Debug|x64.Build.0 = Debug|x64
		{75A44A28-76BA-4059-93C1-9C4F660ABAFF}.Debug|x86.ActiveCfg = Debug|Win32
		{75A44A28-76BA-4059-93C1-9C4F660ABAFF}.Debug|x86.Build.0 = Debug|Win32
		{75A44A28-76BA-4059-93C1-9C4F660ABAFF}.Release|x64.ActiveCfg = Release|x64
		{75A44A28-76BA-4059-93C1-9C4F660ABAFF}.Release|x64.Build.0 = Release|x64
		{75A44A28-76BA-4059-93C1-9C4F660ABAFF}.Release|x86.ActiveCfg = Release|Win32
		{75A44A28-76BA-4059-93C1-9C4F660ABAFF}.Release|x86.Build.0 = Release|Win32
		{31D45E32-7CB0-40F0-8778-0DD1CCB6BBB1}.Debug|x64.ActiveCfg = Debug|x64
		{31D45E32-7CB0-40F0-8778-0DD1CCB6BBB1}.Debug|x64.Build.0 = Debug|x64
		{31D45E32-7CB0-40F0-8778-0DD1CCB6BBB1}.Debug|x86.ActiveCfg = Debug|Win32
		{31D45E32-7CB0-40F0-8778-0DD1CCB6BBB1}.Debug|x86.Build.0 = Debug|Win32
		{31D45E32-7CB0-40F0-8778-0DD1CCB6BBB1}.Release|x64.ActiveCfg = Release|x64
		{31D45E32-7CB0-40F0-8778-0DD1CCB6BBB1}.Release|x64.Build.0 = Release|x64
		{31D45E32-7CB0-40F0-8778-0DD1CCB6BBB1}.Release|x86.ActiveCfg = Release|Win32
		{31D45E32-7CB0-40F0-8778-0DD1CCB6BBB1}.Release|x86.Build.0 = Release|Win32
	EndGlobalSection
	GlobalSection(SolutionProperties) = preSolution
		HideSolutionNode = FALSE
	EndGlobalSection
	GlobalSection(NestedProjects) = preSolution
		{83D4AFC9-876B-4F6C-9794-690FED01335C} = {643A1ED1-7D9F-428A-94C3-95DD8263EF6D}
		{90B9B7A2-9FC9-493F-892E-6F2E3B72CC2C} = {643A1ED1-7D9F-428A-94C3-95DD8263EF6D}
		{EA59F191-D7E1-4FB6-85B5-58DE3A9C0DDE} = {643A1ED1-7D9F-428A-94C3-95DD8263EF6D}
		{75A44A28-76BA-4059-93C1-9C4F660ABAFF} = {643A1ED1-7D9F-428A-94C3-95DD8263EF6D}
	EndGlobalSection
	GlobalSection(ExtensibilityGlobals) = postSolution
		SolutionGuid = {1ACEFBA4-80BA-4EBB-B86F-4EE056FD21C9}
	EndGlobalSection
EndGlobal
